// !$*UTF8*$!
{
	archiveVersion = 1;
	classes = {
	};
	objectVersion = 56;
	objects = {

/* Begin PBXBuildFile section */
		A4035601296B216200B5CDC6 /* FullServerAnswerExample.rtf in Resources */ = {isa = PBXBuildFile; fileRef = A4035600296B216200B5CDC6 /* FullServerAnswerExample.rtf */; };
		A4035603296BFBE500B5CDC6 /* StructServerAnswer.rtf in Resources */ = {isa = PBXBuildFile; fileRef = A4035602296BFBE500B5CDC6 /* StructServerAnswer.rtf */; };
		A4035605296D5D0400B5CDC6 /* CoreDataManager.swift in Sources */ = {isa = PBXBuildFile; fileRef = A4035604296D5D0400B5CDC6 /* CoreDataManager.swift */; };
		A44164782987D102008C73EC /* Alerts.swift in Sources */ = {isa = PBXBuildFile; fileRef = A44164772987D102008C73EC /* Alerts.swift */; };
		A441647A2987EA71008C73EC /* Current Issues.rtf in Resources */ = {isa = PBXBuildFile; fileRef = A44164792987EA71008C73EC /* Current Issues.rtf */; };
		A4416480298914F2008C73EC /* HoursViewController.swift in Sources */ = {isa = PBXBuildFile; fileRef = A441647F298914F2008C73EC /* HoursViewController.swift */; };
		A470F5EF2975726D00B554F7 /* WeatherAPIDescription.rtf in Resources */ = {isa = PBXBuildFile; fileRef = A470F5EE2975726D00B554F7 /* WeatherAPIDescription.rtf */; };
		A4879FBF29782F0C009032DE /* DaysTableViewCell.swift in Sources */ = {isa = PBXBuildFile; fileRef = A4879FBE29782F0C009032DE /* DaysTableViewCell.swift */; };
		A493CDB9297EE7FB00ADD854 /* SettingsViewController.swift in Sources */ = {isa = PBXBuildFile; fileRef = A493CDB8297EE7FB00ADD854 /* SettingsViewController.swift */; };
		A4B34202297FE7A1000932B1 /* CustomLabel.swift in Sources */ = {isa = PBXBuildFile; fileRef = A4B34201297FE7A1000932B1 /* CustomLabel.swift */; };
		A4B34204297FEA46000932B1 /* CustomSwitch.swift in Sources */ = {isa = PBXBuildFile; fileRef = A4B34203297FEA46000932B1 /* CustomSwitch.swift */; };
		A4B3420629818594000932B1 /* MainHeaderView.swift in Sources */ = {isa = PBXBuildFile; fileRef = A4B3420529818594000932B1 /* MainHeaderView.swift */; };
		A4B34208298267D9000932B1 /* DataConverters.swift in Sources */ = {isa = PBXBuildFile; fileRef = A4B34207298267D9000932B1 /* DataConverters.swift */; };
		A4B3420A29827398000932B1 /* LocationManager.swift in Sources */ = {isa = PBXBuildFile; fileRef = A4B3420929827398000932B1 /* LocationManager.swift */; };
		A4B3420C2982D767000932B1 /* TextPicker.swift in Sources */ = {isa = PBXBuildFile; fileRef = A4B3420B2982D767000932B1 /* TextPicker.swift */; };
		A4B3420E2982EF03000932B1 /* GeocoderAPIDescription.rtf in Resources */ = {isa = PBXBuildFile; fileRef = A4B3420D2982EF03000932B1 /* GeocoderAPIDescription.rtf */; };
		A4BA356C2963364D002ADA94 /* AppDelegate.swift in Sources */ = {isa = PBXBuildFile; fileRef = A4BA356B2963364D002ADA94 /* AppDelegate.swift */; };
		A4BA356E2963364D002ADA94 /* SceneDelegate.swift in Sources */ = {isa = PBXBuildFile; fileRef = A4BA356D2963364D002ADA94 /* SceneDelegate.swift */; };
		A4BA35762963364D002ADA94 /* WeatherReport.xcdatamodeld in Sources */ = {isa = PBXBuildFile; fileRef = A4BA35742963364D002ADA94 /* WeatherReport.xcdatamodeld */; };
		A4BA35782963364E002ADA94 /* Assets.xcassets in Resources */ = {isa = PBXBuildFile; fileRef = A4BA35772963364E002ADA94 /* Assets.xcassets */; };
		A4BA357B2963364E002ADA94 /* LaunchScreen.storyboard in Resources */ = {isa = PBXBuildFile; fileRef = A4BA35792963364E002ADA94 /* LaunchScreen.storyboard */; };
		A4BA358D29634B7E002ADA94 /* SettingsManager.swift in Sources */ = {isa = PBXBuildFile; fileRef = A4BA358C29634B7E002ADA94 /* SettingsManager.swift */; };
		A4BA358F29648EEE002ADA94 /* WelcomeViewController.swift in Sources */ = {isa = PBXBuildFile; fileRef = A4BA358E29648EEE002ADA94 /* WelcomeViewController.swift */; };
		A4BA359129649132002ADA94 /* OnboardingViewController.swift in Sources */ = {isa = PBXBuildFile; fileRef = A4BA359029649132002ADA94 /* OnboardingViewController.swift */; };
		A4CA720E2974469B00378993 /* PageViewController.swift in Sources */ = {isa = PBXBuildFile; fileRef = A4CA720D2974469B00378993 /* PageViewController.swift */; };
		A4CCCA8E298EBC330051390E /* HoursPreviewTableViewCell.swift in Sources */ = {isa = PBXBuildFile; fileRef = A4CCCA8D298EBC330051390E /* HoursPreviewTableViewCell.swift */; };
		A4CCCA90298EBCB30051390E /* HoursPreviewCollectionViewCell.swift in Sources */ = {isa = PBXBuildFile; fileRef = A4CCCA8F298EBCB30051390E /* HoursPreviewCollectionViewCell.swift */; };
		A4CCCA922991246C0051390E /* HourTableViewCell.swift in Sources */ = {isa = PBXBuildFile; fileRef = A4CCCA912991246C0051390E /* HourTableViewCell.swift */; };
		A4CCCA952991250A0051390E /* HoursHeaderView.swift in Sources */ = {isa = PBXBuildFile; fileRef = A4CCCA942991250A0051390E /* HoursHeaderView.swift */; };
		A4CCCA9729924CDE0051390E /* DaysHeaderView.swift in Sources */ = {isa = PBXBuildFile; fileRef = A4CCCA9629924CDE0051390E /* DaysHeaderView.swift */; };
		A4CCCA992994F0300051390E /* DayViewController.swift in Sources */ = {isa = PBXBuildFile; fileRef = A4CCCA982994F0300051390E /* DayViewController.swift */; };
		A4CCCA9C29965A4B0051390E /* HoursChartsSwiftUIView.swift in Sources */ = {isa = PBXBuildFile; fileRef = A4CCCA9B29965A4B0051390E /* HoursChartsSwiftUIView.swift */; };
		A4CCCAA22997DD770051390E /* DaypartView.swift in Sources */ = {isa = PBXBuildFile; fileRef = A4CCCAA12997DD770051390E /* DaypartView.swift */; };
		A4CCCAA5299A39A80051390E /* DaypartRowView.swift in Sources */ = {isa = PBXBuildFile; fileRef = A4CCCAA4299A39A80051390E /* DaypartRowView.swift */; };
		A4CCCAA7299A7AFC0051390E /* SunMoonAirView.swift in Sources */ = {isa = PBXBuildFile; fileRef = A4CCCAA6299A7AFC0051390E /* SunMoonAirView.swift */; };
		A4CCCAA9299BB1680051390E /* CustomDayButton.swift in Sources */ = {isa = PBXBuildFile; fileRef = A4CCCAA8299BB1680051390E /* CustomDayButton.swift */; };
		A4CFC78A2976886B006DCD31 /* FontsInfo.rtf in Resources */ = {isa = PBXBuildFile; fileRef = A4CFC7892976886B006DCD31 /* FontsInfo.rtf */; };
		A4F96E1D296716B7006C0648 /* MainViewController.swift in Sources */ = {isa = PBXBuildFile; fileRef = A4F96E1C296716B7006C0648 /* MainViewController.swift */; };
		A4F96E1F296724A3006C0648 /* DownloadWeatherManager.swift in Sources */ = {isa = PBXBuildFile; fileRef = A4F96E1E296724A3006C0648 /* DownloadWeatherManager.swift */; };
		A4F96E2129682991006C0648 /* Rubik-VariableFont_wght.ttf in Resources */ = {isa = PBXBuildFile; fileRef = A4F96E20296828FF006C0648 /* Rubik-VariableFont_wght.ttf */; };
/* End PBXBuildFile section */

/* Begin PBXFileReference section */
		A4035600296B216200B5CDC6 /* FullServerAnswerExample.rtf */ = {isa = PBXFileReference; lastKnownFileType = text.rtf; path = FullServerAnswerExample.rtf; sourceTree = "<group>"; };
		A4035602296BFBE500B5CDC6 /* StructServerAnswer.rtf */ = {isa = PBXFileReference; lastKnownFileType = text.rtf; path = StructServerAnswer.rtf; sourceTree = "<group>"; };
		A4035604296D5D0400B5CDC6 /* CoreDataManager.swift */ = {isa = PBXFileReference; lastKnownFileType = sourcecode.swift; path = CoreDataManager.swift; sourceTree = "<group>"; };
		A44164772987D102008C73EC /* Alerts.swift */ = {isa = PBXFileReference; lastKnownFileType = sourcecode.swift; path = Alerts.swift; sourceTree = "<group>"; };
		A44164792987EA71008C73EC /* Current Issues.rtf */ = {isa = PBXFileReference; lastKnownFileType = text.rtf; path = "Current Issues.rtf"; sourceTree = "<group>"; };
		A441647F298914F2008C73EC /* HoursViewController.swift */ = {isa = PBXFileReference; lastKnownFileType = sourcecode.swift; path = HoursViewController.swift; sourceTree = "<group>"; };
		A470F5EE2975726D00B554F7 /* WeatherAPIDescription.rtf */ = {isa = PBXFileReference; lastKnownFileType = text.rtf; path = WeatherAPIDescription.rtf; sourceTree = "<group>"; };
		A4879FBE29782F0C009032DE /* DaysTableViewCell.swift */ = {isa = PBXFileReference; lastKnownFileType = sourcecode.swift; path = DaysTableViewCell.swift; sourceTree = "<group>"; };
		A493CDB8297EE7FB00ADD854 /* SettingsViewController.swift */ = {isa = PBXFileReference; lastKnownFileType = sourcecode.swift; path = SettingsViewController.swift; sourceTree = "<group>"; };
		A4B34201297FE7A1000932B1 /* CustomLabel.swift */ = {isa = PBXFileReference; lastKnownFileType = sourcecode.swift; path = CustomLabel.swift; sourceTree = "<group>"; };
		A4B34203297FEA46000932B1 /* CustomSwitch.swift */ = {isa = PBXFileReference; lastKnownFileType = sourcecode.swift; path = CustomSwitch.swift; sourceTree = "<group>"; };
		A4B3420529818594000932B1 /* MainHeaderView.swift */ = {isa = PBXFileReference; lastKnownFileType = sourcecode.swift; path = MainHeaderView.swift; sourceTree = "<group>"; };
		A4B34207298267D9000932B1 /* DataConverters.swift */ = {isa = PBXFileReference; lastKnownFileType = sourcecode.swift; path = DataConverters.swift; sourceTree = "<group>"; };
		A4B3420929827398000932B1 /* LocationManager.swift */ = {isa = PBXFileReference; lastKnownFileType = sourcecode.swift; path = LocationManager.swift; sourceTree = "<group>"; };
		A4B3420B2982D767000932B1 /* TextPicker.swift */ = {isa = PBXFileReference; lastKnownFileType = sourcecode.swift; path = TextPicker.swift; sourceTree = "<group>"; };
		A4B3420D2982EF03000932B1 /* GeocoderAPIDescription.rtf */ = {isa = PBXFileReference; lastKnownFileType = text.rtf; path = GeocoderAPIDescription.rtf; sourceTree = "<group>"; };
		A4BA35682963364D002ADA94 /* WeatherReport.app */ = {isa = PBXFileReference; explicitFileType = wrapper.application; includeInIndex = 0; path = WeatherReport.app; sourceTree = BUILT_PRODUCTS_DIR; };
		A4BA356B2963364D002ADA94 /* AppDelegate.swift */ = {isa = PBXFileReference; lastKnownFileType = sourcecode.swift; path = AppDelegate.swift; sourceTree = "<group>"; };
		A4BA356D2963364D002ADA94 /* SceneDelegate.swift */ = {isa = PBXFileReference; lastKnownFileType = sourcecode.swift; path = SceneDelegate.swift; sourceTree = "<group>"; };
		A4BA35752963364D002ADA94 /* WeatherReport.xcdatamodel */ = {isa = PBXFileReference; lastKnownFileType = wrapper.xcdatamodel; path = WeatherReport.xcdatamodel; sourceTree = "<group>"; };
		A4BA35772963364E002ADA94 /* Assets.xcassets */ = {isa = PBXFileReference; lastKnownFileType = folder.assetcatalog; path = Assets.xcassets; sourceTree = "<group>"; };
		A4BA357A2963364E002ADA94 /* Base */ = {isa = PBXFileReference; lastKnownFileType = file.storyboard; name = Base; path = Base.lproj/LaunchScreen.storyboard; sourceTree = "<group>"; };
		A4BA357C2963364E002ADA94 /* Info.plist */ = {isa = PBXFileReference; lastKnownFileType = text.plist.xml; path = Info.plist; sourceTree = "<group>"; };
		A4BA358C29634B7E002ADA94 /* SettingsManager.swift */ = {isa = PBXFileReference; lastKnownFileType = sourcecode.swift; path = SettingsManager.swift; sourceTree = "<group>"; };
		A4BA358E29648EEE002ADA94 /* WelcomeViewController.swift */ = {isa = PBXFileReference; lastKnownFileType = sourcecode.swift; path = WelcomeViewController.swift; sourceTree = "<group>"; };
		A4BA359029649132002ADA94 /* OnboardingViewController.swift */ = {isa = PBXFileReference; lastKnownFileType = sourcecode.swift; path = OnboardingViewController.swift; sourceTree = "<group>"; };
		A4CA720D2974469B00378993 /* PageViewController.swift */ = {isa = PBXFileReference; lastKnownFileType = sourcecode.swift; path = PageViewController.swift; sourceTree = "<group>"; };
		A4CCCA8D298EBC330051390E /* HoursPreviewTableViewCell.swift */ = {isa = PBXFileReference; lastKnownFileType = sourcecode.swift; path = HoursPreviewTableViewCell.swift; sourceTree = "<group>"; };
		A4CCCA8F298EBCB30051390E /* HoursPreviewCollectionViewCell.swift */ = {isa = PBXFileReference; lastKnownFileType = sourcecode.swift; path = HoursPreviewCollectionViewCell.swift; sourceTree = "<group>"; };
		A4CCCA912991246C0051390E /* HourTableViewCell.swift */ = {isa = PBXFileReference; lastKnownFileType = sourcecode.swift; path = HourTableViewCell.swift; sourceTree = "<group>"; };
		A4CCCA942991250A0051390E /* HoursHeaderView.swift */ = {isa = PBXFileReference; lastKnownFileType = sourcecode.swift; path = HoursHeaderView.swift; sourceTree = "<group>"; };
		A4CCCA9629924CDE0051390E /* DaysHeaderView.swift */ = {isa = PBXFileReference; lastKnownFileType = sourcecode.swift; path = DaysHeaderView.swift; sourceTree = "<group>"; };
		A4CCCA982994F0300051390E /* DayViewController.swift */ = {isa = PBXFileReference; lastKnownFileType = sourcecode.swift; path = DayViewController.swift; sourceTree = "<group>"; };
		A4CCCA9B29965A4B0051390E /* HoursChartsSwiftUIView.swift */ = {isa = PBXFileReference; lastKnownFileType = sourcecode.swift; path = HoursChartsSwiftUIView.swift; sourceTree = "<group>"; };
		A4CCCAA12997DD770051390E /* DaypartView.swift */ = {isa = PBXFileReference; lastKnownFileType = sourcecode.swift; path = DaypartView.swift; sourceTree = "<group>"; };
		A4CCCAA4299A39A80051390E /* DaypartRowView.swift */ = {isa = PBXFileReference; lastKnownFileType = sourcecode.swift; path = DaypartRowView.swift; sourceTree = "<group>"; };
		A4CCCAA6299A7AFC0051390E /* SunMoonAirView.swift */ = {isa = PBXFileReference; lastKnownFileType = sourcecode.swift; path = SunMoonAirView.swift; sourceTree = "<group>"; };
		A4CCCAA8299BB1680051390E /* CustomDayButton.swift */ = {isa = PBXFileReference; lastKnownFileType = sourcecode.swift; path = CustomDayButton.swift; sourceTree = "<group>"; };
		A4CFC7892976886B006DCD31 /* FontsInfo.rtf */ = {isa = PBXFileReference; lastKnownFileType = text.rtf; path = FontsInfo.rtf; sourceTree = "<group>"; };
		A4F96E1C296716B7006C0648 /* MainViewController.swift */ = {isa = PBXFileReference; lastKnownFileType = sourcecode.swift; path = MainViewController.swift; sourceTree = "<group>"; };
		A4F96E1E296724A3006C0648 /* DownloadWeatherManager.swift */ = {isa = PBXFileReference; lastKnownFileType = sourcecode.swift; path = DownloadWeatherManager.swift; sourceTree = "<group>"; };
		A4F96E20296828FF006C0648 /* Rubik-VariableFont_wght.ttf */ = {isa = PBXFileReference; lastKnownFileType = file; path = "Rubik-VariableFont_wght.ttf"; sourceTree = "<group>"; };
/* End PBXFileReference section */

/* Begin PBXFrameworksBuildPhase section */
		A4BA35652963364D002ADA94 /* Frameworks */ = {
			isa = PBXFrameworksBuildPhase;
			buildActionMask = 2147483647;
			files = (
			);
			runOnlyForDeploymentPostprocessing = 0;
		};
/* End PBXFrameworksBuildPhase section */

/* Begin PBXGroup section */
		A44164762987D0D7008C73EC /* Helpers */ = {
			isa = PBXGroup;
			children = (
				A44164772987D102008C73EC /* Alerts.swift */,
				A4B3420B2982D767000932B1 /* TextPicker.swift */,
				A4B34207298267D9000932B1 /* DataConverters.swift */,
			);
			path = Helpers;
			sourceTree = "<group>";
		};
		A472B78829670423004CA2D9 /* Fonts */ = {
			isa = PBXGroup;
			children = (
				A4CFC7892976886B006DCD31 /* FontsInfo.rtf */,
				A4F96E20296828FF006C0648 /* Rubik-VariableFont_wght.ttf */,
			);
			path = Fonts;
			sourceTree = "<group>";
		};
		A4879FBD29782E31009032DE /* MainScreen */ = {
			isa = PBXGroup;
			children = (
				A4CCCA8F298EBCB30051390E /* HoursPreviewCollectionViewCell.swift */,
				A4CCCA8D298EBC330051390E /* HoursPreviewTableViewCell.swift */,
				A4879FBE29782F0C009032DE /* DaysTableViewCell.swift */,
				A4CCCA9629924CDE0051390E /* DaysHeaderView.swift */,
				A4B3420529818594000932B1 /* MainHeaderView.swift */,
				A4F96E1C296716B7006C0648 /* MainViewController.swift */,
				A4CA720D2974469B00378993 /* PageViewController.swift */,
			);
			path = MainScreen;
			sourceTree = "<group>";
		};
		A493CDBA297FB9A800ADD854 /* Settings */ = {
			isa = PBXGroup;
			children = (
				A4B34200297FE77B000932B1 /* SmartViews */,
				A493CDB8297EE7FB00ADD854 /* SettingsViewController.swift */,
				A4BA358C29634B7E002ADA94 /* SettingsManager.swift */,
			);
			path = Settings;
			sourceTree = "<group>";
		};
		A4B34200297FE77B000932B1 /* SmartViews */ = {
			isa = PBXGroup;
			children = (
				A4B34201297FE7A1000932B1 /* CustomLabel.swift */,
				A4B34203297FEA46000932B1 /* CustomSwitch.swift */,
			);
			path = SmartViews;
			sourceTree = "<group>";
		};
		A4BA355F2963364D002ADA94 = {
			isa = PBXGroup;
			children = (
				A4BA356A2963364D002ADA94 /* WeatherReport */,
				A4BA35692963364D002ADA94 /* Products */,
			);
			sourceTree = "<group>";
		};
		A4BA35692963364D002ADA94 /* Products */ = {
			isa = PBXGroup;
			children = (
				A4BA35682963364D002ADA94 /* WeatherReport.app */,
			);
			name = Products;
			sourceTree = "<group>";
		};
		A4BA356A2963364D002ADA94 /* WeatherReport */ = {
			isa = PBXGroup;
			children = (
				A44164762987D0D7008C73EC /* Helpers */,
				A4CCCA9A2994F11F0051390E /* DaysScreen */,
				A4CCCA93299124870051390E /* HoursScreen */,
				A493CDBA297FB9A800ADD854 /* Settings */,
				A4879FBD29782E31009032DE /* MainScreen */,
				A4F96E1B29671545006C0648 /* CoreData */,
				A4D90495296FEB2F00DA9681 /* Download */,
				A4B3420929827398000932B1 /* LocationManager.swift */,
				A4BA359029649132002ADA94 /* OnboardingViewController.swift */,
				A4BA358E29648EEE002ADA94 /* WelcomeViewController.swift */,
				A4F96E1A296714E7006C0648 /* Application Layer */,
				A472B78829670423004CA2D9 /* Fonts */,
				A4BA35772963364E002ADA94 /* Assets.xcassets */,
				A4BA35792963364E002ADA94 /* LaunchScreen.storyboard */,
				A4BA357C2963364E002ADA94 /* Info.plist */,
				A44164792987EA71008C73EC /* Current Issues.rtf */,
			);
			path = WeatherReport;
			sourceTree = "<group>";
		};
		A4CCCA93299124870051390E /* HoursScreen */ = {
			isa = PBXGroup;
			children = (
				A4CCCA912991246C0051390E /* HourTableViewCell.swift */,
				A4CCCA9B29965A4B0051390E /* HoursChartsSwiftUIView.swift */,
				A4CCCA942991250A0051390E /* HoursHeaderView.swift */,
				A441647F298914F2008C73EC /* HoursViewController.swift */,
			);
			path = HoursScreen;
			sourceTree = "<group>";
		};
		A4CCCA9A2994F11F0051390E /* DaysScreen */ = {
			isa = PBXGroup;
			children = (
				A4CCCAA32997DD830051390E /* SmartViews */,
				A4CCCA982994F0300051390E /* DayViewController.swift */,
			);
			path = DaysScreen;
			sourceTree = "<group>";
		};
		A4CCCAA32997DD830051390E /* SmartViews */ = {
			isa = PBXGroup;
			children = (
				A4CCCAA6299A7AFC0051390E /* SunMoonAirView.swift */,
				A4CCCAA4299A39A80051390E /* DaypartRowView.swift */,
				A4CCCAA8299BB1680051390E /* CustomDayButton.swift */,
				A4CCCAA12997DD770051390E /* DaypartView.swift */,
			);
			path = SmartViews;
			sourceTree = "<group>";
		};
		A4D90495296FEB2F00DA9681 /* Download */ = {
			isa = PBXGroup;
			children = (
				A4F96E1E296724A3006C0648 /* DownloadWeatherManager.swift */,
				A470F5EE2975726D00B554F7 /* WeatherAPIDescription.rtf */,
				A4035600296B216200B5CDC6 /* FullServerAnswerExample.rtf */,
				A4035602296BFBE500B5CDC6 /* StructServerAnswer.rtf */,
				A4B3420D2982EF03000932B1 /* GeocoderAPIDescription.rtf */,
			);
			path = Download;
			sourceTree = "<group>";
		};
		A4F96E1A296714E7006C0648 /* Application Layer */ = {
			isa = PBXGroup;
			children = (
				A4BA356B2963364D002ADA94 /* AppDelegate.swift */,
				A4BA356D2963364D002ADA94 /* SceneDelegate.swift */,
			);
			path = "Application Layer";
			sourceTree = "<group>";
		};
		A4F96E1B29671545006C0648 /* CoreData */ = {
			isa = PBXGroup;
			children = (
				A4BA35742963364D002ADA94 /* WeatherReport.xcdatamodeld */,
				A4035604296D5D0400B5CDC6 /* CoreDataManager.swift */,
			);
			path = CoreData;
			sourceTree = "<group>";
		};
/* End PBXGroup section */

/* Begin PBXNativeTarget section */
		A4BA35672963364D002ADA94 /* WeatherReport */ = {
			isa = PBXNativeTarget;
			buildConfigurationList = A4BA357F2963364E002ADA94 /* Build configuration list for PBXNativeTarget "WeatherReport" */;
			buildPhases = (
				A4BA35642963364D002ADA94 /* Sources */,
				A4BA35652963364D002ADA94 /* Frameworks */,
				A4BA35662963364D002ADA94 /* Resources */,
			);
			buildRules = (
			);
			dependencies = (
			);
			name = WeatherReport;
			productName = WeatherReport;
			productReference = A4BA35682963364D002ADA94 /* WeatherReport.app */;
			productType = "com.apple.product-type.application";
		};
/* End PBXNativeTarget section */

/* Begin PBXProject section */
		A4BA35602963364D002ADA94 /* Project object */ = {
			isa = PBXProject;
			attributes = {
				BuildIndependentTargetsInParallel = 1;
				LastSwiftUpdateCheck = 1420;
				LastUpgradeCheck = 1420;
				TargetAttributes = {
					A4BA35672963364D002ADA94 = {
						CreatedOnToolsVersion = 14.2;
					};
				};
			};
			buildConfigurationList = A4BA35632963364D002ADA94 /* Build configuration list for PBXProject "WeatherReport" */;
			compatibilityVersion = "Xcode 14.0";
			developmentRegion = en;
			hasScannedForEncodings = 0;
			knownRegions = (
				en,
				Base,
			);
			mainGroup = A4BA355F2963364D002ADA94;
			productRefGroup = A4BA35692963364D002ADA94 /* Products */;
			projectDirPath = "";
			projectRoot = "";
			targets = (
				A4BA35672963364D002ADA94 /* WeatherReport */,
			);
		};
/* End PBXProject section */

/* Begin PBXResourcesBuildPhase section */
		A4BA35662963364D002ADA94 /* Resources */ = {
			isa = PBXResourcesBuildPhase;
			buildActionMask = 2147483647;
			files = (
				A441647A2987EA71008C73EC /* Current Issues.rtf in Resources */,
				A4035601296B216200B5CDC6 /* FullServerAnswerExample.rtf in Resources */,
				A470F5EF2975726D00B554F7 /* WeatherAPIDescription.rtf in Resources */,
				A4B3420E2982EF03000932B1 /* GeocoderAPIDescription.rtf in Resources */,
				A4CFC78A2976886B006DCD31 /* FontsInfo.rtf in Resources */,
				A4F96E2129682991006C0648 /* Rubik-VariableFont_wght.ttf in Resources */,
				A4035603296BFBE500B5CDC6 /* StructServerAnswer.rtf in Resources */,
				A4BA357B2963364E002ADA94 /* LaunchScreen.storyboard in Resources */,
				A4BA35782963364E002ADA94 /* Assets.xcassets in Resources */,
			);
			runOnlyForDeploymentPostprocessing = 0;
		};
/* End PBXResourcesBuildPhase section */

/* Begin PBXSourcesBuildPhase section */
		A4BA35642963364D002ADA94 /* Sources */ = {
			isa = PBXSourcesBuildPhase;
			buildActionMask = 2147483647;
			files = (
				A4CCCAA9299BB1680051390E /* CustomDayButton.swift in Sources */,
				A4F96E1D296716B7006C0648 /* MainViewController.swift in Sources */,
				A44164782987D102008C73EC /* Alerts.swift in Sources */,
				A4B3420A29827398000932B1 /* LocationManager.swift in Sources */,
				A4B3420629818594000932B1 /* MainHeaderView.swift in Sources */,
				A4BA356C2963364D002ADA94 /* AppDelegate.swift in Sources */,
				A4CCCA9729924CDE0051390E /* DaysHeaderView.swift in Sources */,
				A4CCCA90298EBCB30051390E /* HoursPreviewCollectionViewCell.swift in Sources */,
				A4CA720E2974469B00378993 /* PageViewController.swift in Sources */,
				A4CCCAA22997DD770051390E /* DaypartView.swift in Sources */,
				A4BA359129649132002ADA94 /* OnboardingViewController.swift in Sources */,
				A4B3420C2982D767000932B1 /* TextPicker.swift in Sources */,
				A4B34204297FEA46000932B1 /* CustomSwitch.swift in Sources */,
				A4B34208298267D9000932B1 /* DataConverters.swift in Sources */,
				A493CDB9297EE7FB00ADD854 /* SettingsViewController.swift in Sources */,
				A4CCCAA7299A7AFC0051390E /* SunMoonAirView.swift in Sources */,
				A4F96E1F296724A3006C0648 /* DownloadWeatherManager.swift in Sources */,
				A4CCCA952991250A0051390E /* HoursHeaderView.swift in Sources */,
				A4CCCA922991246C0051390E /* HourTableViewCell.swift in Sources */,
				A4416480298914F2008C73EC /* HoursViewController.swift in Sources */,
				A4BA358F29648EEE002ADA94 /* WelcomeViewController.swift in Sources */,
				A4BA358D29634B7E002ADA94 /* SettingsManager.swift in Sources */,
				A4CCCA8E298EBC330051390E /* HoursPreviewTableViewCell.swift in Sources */,
				A4CCCAA5299A39A80051390E /* DaypartRowView.swift in Sources */,
				A4B34202297FE7A1000932B1 /* CustomLabel.swift in Sources */,
				A4CCCA992994F0300051390E /* DayViewController.swift in Sources */,
				A4035605296D5D0400B5CDC6 /* CoreDataManager.swift in Sources */,
				A4BA35762963364D002ADA94 /* WeatherReport.xcdatamodeld in Sources */,
				A4CCCA9C29965A4B0051390E /* HoursChartsSwiftUIView.swift in Sources */,
				A4879FBF29782F0C009032DE /* DaysTableViewCell.swift in Sources */,
				A4BA356E2963364D002ADA94 /* SceneDelegate.swift in Sources */,
			);
			runOnlyForDeploymentPostprocessing = 0;
		};
/* End PBXSourcesBuildPhase section */

/* Begin PBXVariantGroup section */
		A4BA35792963364E002ADA94 /* LaunchScreen.storyboard */ = {
			isa = PBXVariantGroup;
			children = (
				A4BA357A2963364E002ADA94 /* Base */,
			);
			name = LaunchScreen.storyboard;
			sourceTree = "<group>";
		};
/* End PBXVariantGroup section */

/* Begin XCBuildConfiguration section */
		A4BA357D2963364E002ADA94 /* Debug */ = {
			isa = XCBuildConfiguration;
			buildSettings = {
				ALWAYS_SEARCH_USER_PATHS = NO;
				CLANG_ANALYZER_NONNULL = YES;
				CLANG_ANALYZER_NUMBER_OBJECT_CONVERSION = YES_AGGRESSIVE;
				CLANG_CXX_LANGUAGE_STANDARD = "gnu++20";
				CLANG_ENABLE_MODULES = YES;
				CLANG_ENABLE_OBJC_ARC = YES;
				CLANG_ENABLE_OBJC_WEAK = YES;
				CLANG_WARN_BLOCK_CAPTURE_AUTORELEASING = YES;
				CLANG_WARN_BOOL_CONVERSION = YES;
				CLANG_WARN_COMMA = YES;
				CLANG_WARN_CONSTANT_CONVERSION = YES;
				CLANG_WARN_DEPRECATED_OBJC_IMPLEMENTATIONS = YES;
				CLANG_WARN_DIRECT_OBJC_ISA_USAGE = YES_ERROR;
				CLANG_WARN_DOCUMENTATION_COMMENTS = YES;
				CLANG_WARN_EMPTY_BODY = YES;
				CLANG_WARN_ENUM_CONVERSION = YES;
				CLANG_WARN_INFINITE_RECURSION = YES;
				CLANG_WARN_INT_CONVERSION = YES;
				CLANG_WARN_NON_LITERAL_NULL_CONVERSION = YES;
				CLANG_WARN_OBJC_IMPLICIT_RETAIN_SELF = YES;
				CLANG_WARN_OBJC_LITERAL_CONVERSION = YES;
				CLANG_WARN_OBJC_ROOT_CLASS = YES_ERROR;
				CLANG_WARN_QUOTED_INCLUDE_IN_FRAMEWORK_HEADER = YES;
				CLANG_WARN_RANGE_LOOP_ANALYSIS = YES;
				CLANG_WARN_STRICT_PROTOTYPES = YES;
				CLANG_WARN_SUSPICIOUS_MOVE = YES;
				CLANG_WARN_UNGUARDED_AVAILABILITY = YES_AGGRESSIVE;
				CLANG_WARN_UNREACHABLE_CODE = YES;
				CLANG_WARN__DUPLICATE_METHOD_MATCH = YES;
				COPY_PHASE_STRIP = NO;
				DEBUG_INFORMATION_FORMAT = dwarf;
				ENABLE_STRICT_OBJC_MSGSEND = YES;
				ENABLE_TESTABILITY = YES;
				GCC_C_LANGUAGE_STANDARD = gnu11;
				GCC_DYNAMIC_NO_PIC = NO;
				GCC_NO_COMMON_BLOCKS = YES;
				GCC_OPTIMIZATION_LEVEL = 0;
				GCC_PREPROCESSOR_DEFINITIONS = (
					"DEBUG=1",
					"$(inherited)",
				);
				GCC_WARN_64_TO_32_BIT_CONVERSION = YES;
				GCC_WARN_ABOUT_RETURN_TYPE = YES_ERROR;
				GCC_WARN_UNDECLARED_SELECTOR = YES;
				GCC_WARN_UNINITIALIZED_AUTOS = YES_AGGRESSIVE;
				GCC_WARN_UNUSED_FUNCTION = YES;
				GCC_WARN_UNUSED_VARIABLE = YES;
				IPHONEOS_DEPLOYMENT_TARGET = 16.2;
				MTL_ENABLE_DEBUG_INFO = INCLUDE_SOURCE;
				MTL_FAST_MATH = YES;
				ONLY_ACTIVE_ARCH = YES;
				SDKROOT = iphoneos;
				SWIFT_ACTIVE_COMPILATION_CONDITIONS = DEBUG;
				SWIFT_OPTIMIZATION_LEVEL = "-Onone";
			};
			name = Debug;
		};
		A4BA357E2963364E002ADA94 /* Release */ = {
			isa = XCBuildConfiguration;
			buildSettings = {
				ALWAYS_SEARCH_USER_PATHS = NO;
				CLANG_ANALYZER_NONNULL = YES;
				CLANG_ANALYZER_NUMBER_OBJECT_CONVERSION = YES_AGGRESSIVE;
				CLANG_CXX_LANGUAGE_STANDARD = "gnu++20";
				CLANG_ENABLE_MODULES = YES;
				CLANG_ENABLE_OBJC_ARC = YES;
				CLANG_ENABLE_OBJC_WEAK = YES;
				CLANG_WARN_BLOCK_CAPTURE_AUTORELEASING = YES;
				CLANG_WARN_BOOL_CONVERSION = YES;
				CLANG_WARN_COMMA = YES;
				CLANG_WARN_CONSTANT_CONVERSION = YES;
				CLANG_WARN_DEPRECATED_OBJC_IMPLEMENTATIONS = YES;
				CLANG_WARN_DIRECT_OBJC_ISA_USAGE = YES_ERROR;
				CLANG_WARN_DOCUMENTATION_COMMENTS = YES;
				CLANG_WARN_EMPTY_BODY = YES;
				CLANG_WARN_ENUM_CONVERSION = YES;
				CLANG_WARN_INFINITE_RECURSION = YES;
				CLANG_WARN_INT_CONVERSION = YES;
				CLANG_WARN_NON_LITERAL_NULL_CONVERSION = YES;
				CLANG_WARN_OBJC_IMPLICIT_RETAIN_SELF = YES;
				CLANG_WARN_OBJC_LITERAL_CONVERSION = YES;
				CLANG_WARN_OBJC_ROOT_CLASS = YES_ERROR;
				CLANG_WARN_QUOTED_INCLUDE_IN_FRAMEWORK_HEADER = YES;
				CLANG_WARN_RANGE_LOOP_ANALYSIS = YES;
				CLANG_WARN_STRICT_PROTOTYPES = YES;
				CLANG_WARN_SUSPICIOUS_MOVE = YES;
				CLANG_WARN_UNGUARDED_AVAILABILITY = YES_AGGRESSIVE;
				CLANG_WARN_UNREACHABLE_CODE = YES;
				CLANG_WARN__DUPLICATE_METHOD_MATCH = YES;
				COPY_PHASE_STRIP = NO;
				DEBUG_INFORMATION_FORMAT = "dwarf-with-dsym";
				ENABLE_NS_ASSERTIONS = NO;
				ENABLE_STRICT_OBJC_MSGSEND = YES;
				GCC_C_LANGUAGE_STANDARD = gnu11;
				GCC_NO_COMMON_BLOCKS = YES;
				GCC_WARN_64_TO_32_BIT_CONVERSION = YES;
				GCC_WARN_ABOUT_RETURN_TYPE = YES_ERROR;
				GCC_WARN_UNDECLARED_SELECTOR = YES;
				GCC_WARN_UNINITIALIZED_AUTOS = YES_AGGRESSIVE;
				GCC_WARN_UNUSED_FUNCTION = YES;
				GCC_WARN_UNUSED_VARIABLE = YES;
				IPHONEOS_DEPLOYMENT_TARGET = 16.2;
				MTL_ENABLE_DEBUG_INFO = NO;
				MTL_FAST_MATH = YES;
				SDKROOT = iphoneos;
				SWIFT_COMPILATION_MODE = wholemodule;
				SWIFT_OPTIMIZATION_LEVEL = "-O";
				VALIDATE_PRODUCT = YES;
			};
			name = Release;
		};
		A4BA35802963364E002ADA94 /* Debug */ = {
			isa = XCBuildConfiguration;
			buildSettings = {
				ASSETCATALOG_COMPILER_APPICON_NAME = AppIcon;
				ASSETCATALOG_COMPILER_GLOBAL_ACCENT_COLOR_NAME = AccentColor;
				CODE_SIGN_STYLE = Automatic;
				CURRENT_PROJECT_VERSION = 1;
				DEVELOPMENT_TEAM = DRZ83U4BJ3;
				GENERATE_INFOPLIST_FILE = YES;
				INFOPLIST_FILE = WeatherReport/Info.plist;
				INFOPLIST_KEY_LSApplicationCategoryType = "public.app-category.weather";
				INFOPLIST_KEY_NSLocationWhenInUseUsageDescription = "Во время использования приложение будет определять ваше местоположение для более комфортной работы";
				INFOPLIST_KEY_UIApplicationSupportsIndirectInputEvents = YES;
				INFOPLIST_KEY_UILaunchStoryboardName = LaunchScreen;
				INFOPLIST_KEY_UISupportedInterfaceOrientations = UIInterfaceOrientationPortrait;
				IPHONEOS_DEPLOYMENT_TARGET = 16.0;
				LD_RUNPATH_SEARCH_PATHS = (
					"$(inherited)",
					"@executable_path/Frameworks",
				);
				MARKETING_VERSION = 1.0;
				PRODUCT_BUNDLE_IDENTIFIER = Vlad.WeatherReport;
				PRODUCT_NAME = "$(TARGET_NAME)";
				SWIFT_EMIT_LOC_STRINGS = YES;
				SWIFT_VERSION = 5.0;
				TARGETED_DEVICE_FAMILY = "1,2";
			};
			name = Debug;
		};
		A4BA35812963364E002ADA94 /* Release */ = {
			isa = XCBuildConfiguration;
			buildSettings = {
				ASSETCATALOG_COMPILER_APPICON_NAME = AppIcon;
				ASSETCATALOG_COMPILER_GLOBAL_ACCENT_COLOR_NAME = AccentColor;
				CODE_SIGN_STYLE = Automatic;
				CURRENT_PROJECT_VERSION = 1;
				DEVELOPMENT_TEAM = DRZ83U4BJ3;
				GENERATE_INFOPLIST_FILE = YES;
				INFOPLIST_FILE = WeatherReport/Info.plist;
				INFOPLIST_KEY_LSApplicationCategoryType = "public.app-category.weather";
				INFOPLIST_KEY_NSLocationWhenInUseUsageDescription = "Во время использования приложение будет определять ваше местоположение для более комфортной работы";
				INFOPLIST_KEY_UIApplicationSupportsIndirectInputEvents = YES;
				INFOPLIST_KEY_UILaunchStoryboardName = LaunchScreen;
				INFOPLIST_KEY_UISupportedInterfaceOrientations = UIInterfaceOrientationPortrait;
				IPHONEOS_DEPLOYMENT_TARGET = 16.0;
				LD_RUNPATH_SEARCH_PATHS = (
					"$(inherited)",
					"@executable_path/Frameworks",
				);
				MARKETING_VERSION = 1.0;
				PRODUCT_BUNDLE_IDENTIFIER = Vlad.WeatherReport;
				PRODUCT_NAME = "$(TARGET_NAME)";
				SWIFT_EMIT_LOC_STRINGS = YES;
				SWIFT_VERSION = 5.0;
				TARGETED_DEVICE_FAMILY = "1,2";
			};
			name = Release;
		};
/* End XCBuildConfiguration section */

/* Begin XCConfigurationList section */
		A4BA35632963364D002ADA94 /* Build configuration list for PBXProject "WeatherReport" */ = {
			isa = XCConfigurationList;
			buildConfigurations = (
				A4BA357D2963364E002ADA94 /* Debug */,
				A4BA357E2963364E002ADA94 /* Release */,
			);
			defaultConfigurationIsVisible = 0;
			defaultConfigurationName = Release;
		};
		A4BA357F2963364E002ADA94 /* Build configuration list for PBXNativeTarget "WeatherReport" */ = {
			isa = XCConfigurationList;
			buildConfigurations = (
				A4BA35802963364E002ADA94 /* Debug */,
				A4BA35812963364E002ADA94 /* Release */,
			);
			defaultConfigurationIsVisible = 0;
			defaultConfigurationName = Release;
		};
/* End XCConfigurationList section */

/* Begin XCVersionGroup section */
		A4BA35742963364D002ADA94 /* WeatherReport.xcdatamodeld */ = {
			isa = XCVersionGroup;
			children = (
				A4BA35752963364D002ADA94 /* WeatherReport.xcdatamodel */,
			);
			currentVersion = A4BA35752963364D002ADA94 /* WeatherReport.xcdatamodel */;
			path = WeatherReport.xcdatamodeld;
			sourceTree = "<group>";
			versionGroupType = wrapper.xcdatamodel;
		};
/* End XCVersionGroup section */
	};
	rootObject = A4BA35602963364D002ADA94 /* Project object */;
}
